
Microsoft Visual Studio Solution File, Format Version 12.00
# Visual Studio Version 17
VisualStudioVersion = 17.14.36414.22
MinimumVisualStudioVersion = 10.0.40219.1
Project("{2150E333-8FDC-42A3-9474-1A3956D46DE8}") = "Task0", "Task0", "{02EA681E-C7D8-13C7-8484-4AC65E1B71E8}"
EndProject
Project("{FAE04EC0-301F-11D3-BF4B-00C04F79EFBC}") = "Tyuiu.PupovAA.Sprint3.Task0.V25", "Tyuiu.PupovAA.Sprint3.Task0.V25\Tyuiu.PupovAA.Sprint3.Task0.V25.csproj", "{D251FE14-B66F-4105-81CF-8325F1DACB93}"
EndProject
Project("{FAE04EC0-301F-11D3-BF4B-00C04F79EFBC}") = "Tyuiu.PupovAA.Sprint3.Task0.V25.Lib", "Tyuiu.PupovAA.Sprint3.Task0.V25.Lib\Tyuiu.PupovAA.Sprint3.Task0.V25.Lib.csproj", "{2987BB37-A654-48C4-A98A-0475CF0C0C50}"
EndProject
Project("{FAE04EC0-301F-11D3-BF4B-00C04F79EFBC}") = "Tyuiu.PupovAA.Sprint3.Task0.V25.Test", "Tyuiu.PupovAA.Sprint3.Task0.V25.Test\Tyuiu.PupovAA.Sprint3.Task0.V25.Test.csproj", "{0BAD5336-D358-43DE-9237-3D482DB5A47B}"
EndProject
Project("{2150E333-8FDC-42A3-9474-1A3956D46DE8}") = "Task1", "Task1", "{31D83FD6-D25B-4D20-A3E4-5C58C6B2EFDF}"
EndProject
Project("{FAE04EC0-301F-11D3-BF4B-00C04F79EFBC}") = "Tyuiu.PupovAA.Sprint3.Task1.V7", "Tyuiu.PupovAA.Sprint3.Task1.V7\Tyuiu.PupovAA.Sprint3.Task1.V7.csproj", "{0FB18D31-E4A8-4A8D-AFFB-DB63F29E95D1}"
EndProject
Project("{FAE04EC0-301F-11D3-BF4B-00C04F79EFBC}") = "Tyuiu.PupovAA.Sprint3.Task1.V7.Lib", "Tyuiu.PupovAA.Sprint3.Task1.V7.Lib\Tyuiu.PupovAA.Sprint3.Task1.V7.Lib.csproj", "{D6CB2A4D-765A-4D79-A27F-D81513DB07A4}"
EndProject
Project("{FAE04EC0-301F-11D3-BF4B-00C04F79EFBC}") = "Tyuiu.PupovAA.Sprint3.Task1.V7.Test", "Tyuiu.PupovAA.Sprint3.Task1.V7.Test\Tyuiu.PupovAA.Sprint3.Task1.V7.Test.csproj", "{76BAA75F-FABF-49D3-8D28-039BB0B716D0}"
EndProject
Project("{2150E333-8FDC-42A3-9474-1A3956D46DE8}") = "Task2", "Task2", "{80AFDD52-16B9-4E6D-969D-0374CA9A15D2}"
EndProject
Project("{FAE04EC0-301F-11D3-BF4B-00C04F79EFBC}") = "Tyuiu.PupovAA.Sprint3.Task2.V27", "Tyuiu.PupovAA.Sprint3.Task2.V27\Tyuiu.PupovAA.Sprint3.Task2.V27.csproj", "{EE436C8D-1D1A-4E79-A83E-47C8D2CAFB82}"
EndProject
Project("{FAE04EC0-301F-11D3-BF4B-00C04F79EFBC}") = "Tyuiu.PupovAA.Sprint3.Task2.V27.Lib", "Tyuiu.PupovAA.Sprint3.Task2.V27.Lib\Tyuiu.PupovAA.Sprint3.Task2.V27.Lib.csproj", "{A5B71135-1CD6-4144-9CD0-B38AD769732F}"
EndProject
Project("{FAE04EC0-301F-11D3-BF4B-00C04F79EFBC}") = "Tyuiu.PupovAA.Sprint3.Task2.V27.Test", "Tyuiu.PupovAA.Sprint3.Task2.V27.Test\Tyuiu.PupovAA.Sprint3.Task2.V27.Test.csproj", "{729FE58E-761E-4289-8D85-416A0D273BC9}"
EndProject
Project("{2150E333-8FDC-42A3-9474-1A3956D46DE8}") = "Task3", "Task3", "{1AB00D18-BE55-442A-917F-BA0457ECA481}"
EndProject
Project("{FAE04EC0-301F-11D3-BF4B-00C04F79EFBC}") = "Tyuiu.PupovAA.Sprint3.Task3.V21", "Tyuiu.PupovAA.Sprint3.Task3.V21\Tyuiu.PupovAA.Sprint3.Task3.V21.csproj", "{20321F8E-F9CE-4719-9130-10D83584F1F1}"
EndProject
Project("{FAE04EC0-301F-11D3-BF4B-00C04F79EFBC}") = "Tyuiu.PupovAA.Sprint3.Task3.V21.Lib", "Tyuiu.PupovAA.Sprint3.Task3.V21.Lib\Tyuiu.PupovAA.Sprint3.Task3.V21.Lib.csproj", "{D8D7A156-9965-4A53-8DD0-0684DE47A069}"
EndProject
Project("{FAE04EC0-301F-11D3-BF4B-00C04F79EFBC}") = "Tyuiu.PupovAA.Sprint3.Task3.V21.Test", "Tyuiu.PupovAA.Sprint3.Task3.V21.Test\Tyuiu.PupovAA.Sprint3.Task3.V21.Test.csproj", "{C54828CF-4C7D-417C-9A01-C36C75FF4918}"
EndProject
Project("{2150E333-8FDC-42A3-9474-1A3956D46DE8}") = "Task4", "Task4", "{15744912-C6B6-403E-8F1A-9D83449AD4EA}"
EndProject
Project("{FAE04EC0-301F-11D3-BF4B-00C04F79EFBC}") = "Tyuiu.PupovAA.Sprint3.Task4.V18", "Tyuiu.PupovAA.Sprint3.Task4.V18\Tyuiu.PupovAA.Sprint3.Task4.V18.csproj", "{200F19ED-AD97-491A-92C3-9607B6441C57}"
EndProject
Project("{FAE04EC0-301F-11D3-BF4B-00C04F79EFBC}") = "Tyuiu.PupovAA.Sprint3.Task4.V18.Lib", "Tyuiu.PupovAA.Sprint3.Task4.V18.Lib\Tyuiu.PupovAA.Sprint3.Task4.V18.Lib.csproj", "{DFDCE9B3-D5EE-4D51-A223-4F5FA8B1F69F}"
EndProject
Project("{FAE04EC0-301F-11D3-BF4B-00C04F79EFBC}") = "Tyuiu.PupovAA.Sprint3.Task4.V18.Test", "Tyuiu.PupovAA.Sprint3.Task4.V18.Test\Tyuiu.PupovAA.Sprint3.Task4.V18.Test.csproj", "{68C4DAB1-2FC5-4EE1-8C82-31A3EEEAFCA5}"
EndProject
Project("{2150E333-8FDC-42A3-9474-1A3956D46DE8}") = "Task5", "Task5", "{8617C11C-5DBE-4093-B9A4-FA3E3CC5E9B0}"
EndProject
Project("{FAE04EC0-301F-11D3-BF4B-00C04F79EFBC}") = "Tyuiu.PupovAA.Sprint3.Task5.V14", "Tyuiu.PupovAA.Sprint3.Task5.V14\Tyuiu.PupovAA.Sprint3.Task5.V14.csproj", "{CCA7A265-A9FC-439F-99D6-28DE2C6849AF}"
EndProject
Project("{FAE04EC0-301F-11D3-BF4B-00C04F79EFBC}") = "Tyuiu.PupovAA.Sprint3.Task5.V14.Lib", "Tyuiu.PupovAA.Sprint3.Task5.V14.Lib\Tyuiu.PupovAA.Sprint3.Task5.V14.Lib.csproj", "{13D4A257-7DEA-4584-A020-4033F24CFCF5}"
EndProject
Project("{FAE04EC0-301F-11D3-BF4B-00C04F79EFBC}") = "Tyuiu.PupovAA.Sprint3.Task5.V14.Test", "Tyuiu.PupovAA.Sprint3.Task5.V14.Test\Tyuiu.PupovAA.Sprint3.Task5.V14.Test.csproj", "{5C7BA272-CC53-4C9B-AB2D-A478699D7634}"
EndProject
Project("{2150E333-8FDC-42A3-9474-1A3956D46DE8}") = "Task6", "Task6", "{3D585151-05B8-4695-B861-69723BF42721}"
EndProject
Project("{FAE04EC0-301F-11D3-BF4B-00C04F79EFBC}") = "Tyuiu.PupovAA.Sprint3.Task6.V29", "Tyuiu.PupovAA.Sprint3.Task6.V29\Tyuiu.PupovAA.Sprint3.Task6.V29.csproj", "{61CDD7B2-AE96-472C-A31B-B3ABD53D0BE9}"
EndProject
Project("{FAE04EC0-301F-11D3-BF4B-00C04F79EFBC}") = "Tyuiu.PupovAA.Sprint3.Task6.V29.Lib", "Tyuiu.PupovAA.Sprint3.Task6.V29.Lib\Tyuiu.PupovAA.Sprint3.Task6.V29.Lib.csproj", "{943CE20B-668E-4A14-9AA1-1318DABAB686}"
EndProject
Project("{FAE04EC0-301F-11D3-BF4B-00C04F79EFBC}") = "Tyuiu.PupovAA.Sprint3.Task6.V29.Test", "Tyuiu.PupovAA.Sprint3.Task6.V29.Test\Tyuiu.PupovAA.Sprint3.Task6.V29.Test.csproj", "{6FB50D9A-284C-4B87-8B48-EBE6C2F61DA5}"
EndProject
Global
	GlobalSection(SolutionConfigurationPlatforms) = preSolution
		Debug|Any CPU = Debug|Any CPU
		Release|Any CPU = Release|Any CPU
	EndGlobalSection
	GlobalSection(ProjectConfigurationPlatforms) = postSolution
		{D251FE14-B66F-4105-81CF-8325F1DACB93}.Debug|Any CPU.ActiveCfg = Debug|Any CPU
		{D251FE14-B66F-4105-81CF-8325F1DACB93}.Debug|Any CPU.Build.0 = Debug|Any CPU
		{D251FE14-B66F-4105-81CF-8325F1DACB93}.Release|Any CPU.ActiveCfg = Release|Any CPU
		{D251FE14-B66F-4105-81CF-8325F1DACB93}.Release|Any CPU.Build.0 = Release|Any CPU
		{2987BB37-A654-48C4-A98A-0475CF0C0C50}.Debug|Any CPU.ActiveCfg = Debug|Any CPU
		{2987BB37-A654-48C4-A98A-0475CF0C0C50}.Debug|Any CPU.Build.0 = Debug|Any CPU
		{2987BB37-A654-48C4-A98A-0475CF0C0C50}.Release|Any CPU.ActiveCfg = Release|Any CPU
		{2987BB37-A654-48C4-A98A-0475CF0C0C50}.Release|Any CPU.Build.0 = Release|Any CPU
		{0BAD5336-D358-43DE-9237-3D482DB5A47B}.Debug|Any CPU.ActiveCfg = Debug|Any CPU
		{0BAD5336-D358-43DE-9237-3D482DB5A47B}.Debug|Any CPU.Build.0 = Debug|Any CPU
		{0BAD5336-D358-43DE-9237-3D482DB5A47B}.Release|Any CPU.ActiveCfg = Release|Any CPU
		{0BAD5336-D358-43DE-9237-3D482DB5A47B}.Release|Any CPU.Build.0 = Release|Any CPU
		{0FB18D31-E4A8-4A8D-AFFB-DB63F29E95D1}.Debug|Any CPU.ActiveCfg = Debug|Any CPU
		{0FB18D31-E4A8-4A8D-AFFB-DB63F29E95D1}.Debug|Any CPU.Build.0 = Debug|Any CPU
		{0FB18D31-E4A8-4A8D-AFFB-DB63F29E95D1}.Release|Any CPU.ActiveCfg = Release|Any CPU
		{0FB18D31-E4A8-4A8D-AFFB-DB63F29E95D1}.Release|Any CPU.Build.0 = Release|Any CPU
		{D6CB2A4D-765A-4D79-A27F-D81513DB07A4}.Debug|Any CPU.ActiveCfg = Debug|Any CPU
		{D6CB2A4D-765A-4D79-A27F-D81513DB07A4}.Debug|Any CPU.Build.0 = Debug|Any CPU
		{D6CB2A4D-765A-4D79-A27F-D81513DB07A4}.Release|Any CPU.ActiveCfg = Release|Any CPU
		{D6CB2A4D-765A-4D79-A27F-D81513DB07A4}.Release|Any CPU.Build.0 = Release|Any CPU
		{76BAA75F-FABF-49D3-8D28-039BB0B716D0}.Debug|Any CPU.ActiveCfg = Debug|Any CPU
		{76BAA75F-FABF-49D3-8D28-039BB0B716D0}.Debug|Any CPU.Build.0 = Debug|Any CPU
		{76BAA75F-FABF-49D3-8D28-039BB0B716D0}.Release|Any CPU.ActiveCfg = Release|Any CPU
		{76BAA75F-FABF-49D3-8D28-039BB0B716D0}.Release|Any CPU.Build.0 = Release|Any CPU
		{EE436C8D-1D1A-4E79-A83E-47C8D2CAFB82}.Debug|Any CPU.ActiveCfg = Debug|Any CPU
		{EE436C8D-1D1A-4E79-A83E-47C8D2CAFB82}.Debug|Any CPU.Build.0 = Debug|Any CPU
		{EE436C8D-1D1A-4E79-A83E-47C8D2CAFB82}.Release|Any CPU.ActiveCfg = Release|Any CPU
		{EE436C8D-1D1A-4E79-A83E-47C8D2CAFB82}.Release|Any CPU.Build.0 = Release|Any CPU
		{A5B71135-1CD6-4144-9CD0-B38AD769732F}.Debug|Any CPU.ActiveCfg = Debug|Any CPU
		{A5B71135-1CD6-4144-9CD0-B38AD769732F}.Debug|Any CPU.Build.0 = Debug|Any CPU
		{A5B71135-1CD6-4144-9CD0-B38AD769732F}.Release|Any CPU.ActiveCfg = Release|Any CPU
		{A5B71135-1CD6-4144-9CD0-B38AD769732F}.Release|Any CPU.Build.0 = Release|Any CPU
		{729FE58E-761E-4289-8D85-416A0D273BC9}.Debug|Any CPU.ActiveCfg = Debug|Any CPU
		{729FE58E-761E-4289-8D85-416A0D273BC9}.Debug|Any CPU.Build.0 = Debug|Any CPU
		{729FE58E-761E-4289-8D85-416A0D273BC9}.Release|Any CPU.ActiveCfg = Release|Any CPU
		{729FE58E-761E-4289-8D85-416A0D273BC9}.Release|Any CPU.Build.0 = Release|Any CPU
		{20321F8E-F9CE-4719-9130-10D83584F1F1}.Debug|Any CPU.ActiveCfg = Debug|Any CPU
		{20321F8E-F9CE-4719-9130-10D83584F1F1}.Debug|Any CPU.Build.0 = Debug|Any CPU
		{20321F8E-F9CE-4719-9130-10D83584F1F1}.Release|Any CPU.ActiveCfg = Release|Any CPU
		{20321F8E-F9CE-4719-9130-10D83584F1F1}.Release|Any CPU.Build.0 = Release|Any CPU
		{D8D7A156-9965-4A53-8DD0-0684DE47A069}.Debug|Any CPU.ActiveCfg = Debug|Any CPU
		{D8D7A156-9965-4A53-8DD0-0684DE47A069}.Debug|Any CPU.Build.0 = Debug|Any CPU
		{D8D7A156-9965-4A53-8DD0-0684DE47A069}.Release|Any CPU.ActiveCfg = Release|Any CPU
		{D8D7A156-9965-4A53-8DD0-0684DE47A069}.Release|Any CPU.Build.0 = Release|Any CPU
		{C54828CF-4C7D-417C-9A01-C36C75FF4918}.Debug|Any CPU.ActiveCfg = Debug|Any CPU
		{C54828CF-4C7D-417C-9A01-C36C75FF4918}.Debug|Any CPU.Build.0 = Debug|Any CPU
		{C54828CF-4C7D-417C-9A01-C36C75FF4918}.Release|Any CPU.ActiveCfg = Release|Any CPU
		{C54828CF-4C7D-417C-9A01-C36C75FF4918}.Release|Any CPU.Build.0 = Release|Any CPU
		{200F19ED-AD97-491A-92C3-9607B6441C57}.Debug|Any CPU.ActiveCfg = Debug|Any CPU
		{200F19ED-AD97-491A-92C3-9607B6441C57}.Debug|Any CPU.Build.0 = Debug|Any CPU
		{200F19ED-AD97-491A-92C3-9607B6441C57}.Release|Any CPU.ActiveCfg = Release|Any CPU
		{200F19ED-AD97-491A-92C3-9607B6441C57}.Release|Any CPU.Build.0 = Release|Any CPU
		{DFDCE9B3-D5EE-4D51-A223-4F5FA8B1F69F}.Debug|Any CPU.ActiveCfg = Debug|Any CPU
		{DFDCE9B3-D5EE-4D51-A223-4F5FA8B1F69F}.Debug|Any CPU.Build.0 = Debug|Any CPU
		{DFDCE9B3-D5EE-4D51-A223-4F5FA8B1F69F}.Release|Any CPU.ActiveCfg = Release|Any CPU
		{DFDCE9B3-D5EE-4D51-A223-4F5FA8B1F69F}.Release|Any CPU.Build.0 = Release|Any CPU
		{68C4DAB1-2FC5-4EE1-8C82-31A3EEEAFCA5}.Debug|Any CPU.ActiveCfg = Debug|Any CPU
		{68C4DAB1-2FC5-4EE1-8C82-31A3EEEAFCA5}.Debug|Any CPU.Build.0 = Debug|Any CPU
		{68C4DAB1-2FC5-4EE1-8C82-31A3EEEAFCA5}.Release|Any CPU.ActiveCfg = Release|Any CPU
		{68C4DAB1-2FC5-4EE1-8C82-31A3EEEAFCA5}.Release|Any CPU.Build.0 = Release|Any CPU
		{CCA7A265-A9FC-439F-99D6-28DE2C6849AF}.Debug|Any CPU.ActiveCfg = Debug|Any CPU
		{CCA7A265-A9FC-439F-99D6-28DE2C6849AF}.Debug|Any CPU.Build.0 = Debug|Any CPU
		{CCA7A265-A9FC-439F-99D6-28DE2C6849AF}.Release|Any CPU.ActiveCfg = Release|Any CPU
		{CCA7A265-A9FC-439F-99D6-28DE2C6849AF}.Release|Any CPU.Build.0 = Release|Any CPU
		{13D4A257-7DEA-4584-A020-4033F24CFCF5}.Debug|Any CPU.ActiveCfg = Debug|Any CPU
		{13D4A257-7DEA-4584-A020-4033F24CFCF5}.Debug|Any CPU.Build.0 = Debug|Any CPU
		{13D4A257-7DEA-4584-A020-4033F24CFCF5}.Release|Any CPU.ActiveCfg = Release|Any CPU
		{13D4A257-7DEA-4584-A020-4033F24CFCF5}.Release|Any CPU.Build.0 = Release|Any CPU
		{5C7BA272-CC53-4C9B-AB2D-A478699D7634}.Debug|Any CPU.ActiveCfg = Debug|Any CPU
		{5C7BA272-CC53-4C9B-AB2D-A478699D7634}.Debug|Any CPU.Build.0 = Debug|Any CPU
		{5C7BA272-CC53-4C9B-AB2D-A478699D7634}.Release|Any CPU.ActiveCfg = Release|Any CPU
		{5C7BA272-CC53-4C9B-AB2D-A478699D7634}.Release|Any CPU.Build.0 = Release|Any CPU
		{61CDD7B2-AE96-472C-A31B-B3ABD53D0BE9}.Debug|Any CPU.ActiveCfg = Debug|Any CPU
		{61CDD7B2-AE96-472C-A31B-B3ABD53D0BE9}.Debug|Any CPU.Build.0 = Debug|Any CPU
		{61CDD7B2-AE96-472C-A31B-B3ABD53D0BE9}.Release|Any CPU.ActiveCfg = Release|Any CPU
		{61CDD7B2-AE96-472C-A31B-B3ABD53D0BE9}.Release|Any CPU.Build.0 = Release|Any CPU
		{943CE20B-668E-4A14-9AA1-1318DABAB686}.Debug|Any CPU.ActiveCfg = Debug|Any CPU
		{943CE20B-668E-4A14-9AA1-1318DABAB686}.Debug|Any CPU.Build.0 = Debug|Any CPU
		{943CE20B-668E-4A14-9AA1-1318DABAB686}.Release|Any CPU.ActiveCfg = Release|Any CPU
		{943CE20B-668E-4A14-9AA1-1318DABAB686}.Release|Any CPU.Build.0 = Release|Any CPU
		{6FB50D9A-284C-4B87-8B48-EBE6C2F61DA5}.Debug|Any CPU.ActiveCfg = Debug|Any CPU
		{6FB50D9A-284C-4B87-8B48-EBE6C2F61DA5}.Debug|Any CPU.Build.0 = Debug|Any CPU
		{6FB50D9A-284C-4B87-8B48-EBE6C2F61DA5}.Release|Any CPU.ActiveCfg = Release|Any CPU
		{6FB50D9A-284C-4B87-8B48-EBE6C2F61DA5}.Release|Any CPU.Build.0 = Release|Any CPU
	EndGlobalSection
	GlobalSection(SolutionProperties) = preSolution
		HideSolutionNode = FALSE
	EndGlobalSection
	GlobalSection(NestedProjects) = preSolution
		{D251FE14-B66F-4105-81CF-8325F1DACB93} = {02EA681E-C7D8-13C7-8484-4AC65E1B71E8}
		{2987BB37-A654-48C4-A98A-0475CF0C0C50} = {02EA681E-C7D8-13C7-8484-4AC65E1B71E8}
		{0BAD5336-D358-43DE-9237-3D482DB5A47B} = {02EA681E-C7D8-13C7-8484-4AC65E1B71E8}
		{0FB18D31-E4A8-4A8D-AFFB-DB63F29E95D1} = {31D83FD6-D25B-4D20-A3E4-5C58C6B2EFDF}
		{D6CB2A4D-765A-4D79-A27F-D81513DB07A4} = {31D83FD6-D25B-4D20-A3E4-5C58C6B2EFDF}
		{76BAA75F-FABF-49D3-8D28-039BB0B716D0} = {31D83FD6-D25B-4D20-A3E4-5C58C6B2EFDF}
		{EE436C8D-1D1A-4E79-A83E-47C8D2CAFB82} = {80AFDD52-16B9-4E6D-969D-0374CA9A15D2}
		{A5B71135-1CD6-4144-9CD0-B38AD769732F} = {80AFDD52-16B9-4E6D-969D-0374CA9A15D2}
		{729FE58E-761E-4289-8D85-416A0D273BC9} = {80AFDD52-16B9-4E6D-969D-0374CA9A15D2}
		{20321F8E-F9CE-4719-9130-10D83584F1F1} = {1AB00D18-BE55-442A-917F-BA0457ECA481}
		{D8D7A156-9965-4A53-8DD0-0684DE47A069} = {1AB00D18-BE55-442A-917F-BA0457ECA481}
		{C54828CF-4C7D-417C-9A01-C36C75FF4918} = {1AB00D18-BE55-442A-917F-BA0457ECA481}
		{200F19ED-AD97-491A-92C3-9607B6441C57} = {15744912-C6B6-403E-8F1A-9D83449AD4EA}
		{DFDCE9B3-D5EE-4D51-A223-4F5FA8B1F69F} = {15744912-C6B6-403E-8F1A-9D83449AD4EA}
		{68C4DAB1-2FC5-4EE1-8C82-31A3EEEAFCA5} = {15744912-C6B6-403E-8F1A-9D83449AD4EA}
		{CCA7A265-A9FC-439F-99D6-28DE2C6849AF} = {8617C11C-5DBE-4093-B9A4-FA3E3CC5E9B0}
		{13D4A257-7DEA-4584-A020-4033F24CFCF5} = {8617C11C-5DBE-4093-B9A4-FA3E3CC5E9B0}
		{5C7BA272-CC53-4C9B-AB2D-A478699D7634} = {8617C11C-5DBE-4093-B9A4-FA3E3CC5E9B0}
		{61CDD7B2-AE96-472C-A31B-B3ABD53D0BE9} = {3D585151-05B8-4695-B861-69723BF42721}
		{943CE20B-668E-4A14-9AA1-1318DABAB686} = {3D585151-05B8-4695-B861-69723BF42721}
		{6FB50D9A-284C-4B87-8B48-EBE6C2F61DA5} = {3D585151-05B8-4695-B861-69723BF42721}
	EndGlobalSection
	GlobalSection(ExtensibilityGlobals) = postSolution
		SolutionGuid = {C6ABA8DF-C17D-45EF-9CBF-43E4EBF736EB}
	EndGlobalSection
EndGlobal
